
Microsoft Visual Studio Solution File, Format Version 11.00
# Visual Studio 2010
Project("{FAE04EC0-301F-11D3-BF4B-00C04F79EFBC}") = "Assembly-CSharp", "Assembly-CSharp.csproj", "{8C01D7AA-640C-A639-1596-FCEE28E7808A}"
EndProject
Project("{FAE04EC0-301F-11D3-BF4B-00C04F79EFBC}") = "Assembly-CSharp-firstpass", "Assembly-CSharp-firstpass.csproj", "{5F5985A6-74F8-3614-B837-C30F13A7D00F}"
EndProject
Project("{FAE04EC0-301F-11D3-BF4B-00C04F79EFBC}") = "Assembly-CSharp-Editor-firstpass", "Assembly-CSharp-Editor-firstpass.csproj", "{650B619E-6F3F-5056-25FB-78B00599AB10}"
EndProject
Global
	GlobalSection(SolutionConfigurationPlatforms) = preSolution
		Debug|Any CPU = Debug|Any CPU
		Release|Any CPU = Release|Any CPU
	EndGlobalSection
	GlobalSection(ProjectConfigurationPlatforms) = postSolution
		{8C01D7AA-640C-A639-1596-FCEE28E7808A}.Debug|Any CPU.ActiveCfg = Debug|Any CPU
		{8C01D7AA-640C-A639-1596-FCEE28E7808A}.Debug|Any CPU.Build.0 = Debug|Any CPU
		{8C01D7AA-640C-A639-1596-FCEE28E7808A}.Release|Any CPU.ActiveCfg = Release|Any CPU
		{8C01D7AA-640C-A639-1596-FCEE28E7808A}.Release|Any CPU.Build.0 = Release|Any CPU
		{5F5985A6-74F8-3614-B837-C30F13A7D00F}.Debug|Any CPU.ActiveCfg = Debug|Any CPU
		{5F5985A6-74F8-3614-B837-C30F13A7D00F}.Debug|Any CPU.Build.0 = Debug|Any CPU
		{5F5985A6-74F8-3614-B837-C30F13A7D00F}.Release|Any CPU.ActiveCfg = Release|Any CPU
		{5F5985A6-74F8-3614-B837-C30F13A7D00F}.Release|Any CPU.Build.0 = Release|Any CPU
		{650B619E-6F3F-5056-25FB-78B00599AB10}.Debug|Any CPU.ActiveCfg = Debug|Any CPU
		{650B619E-6F3F-5056-25FB-78B00599AB10}.Debug|Any CPU.Build.0 = Debug|Any CPU
		{650B619E-6F3F-5056-25FB-78B00599AB10}.Release|Any CPU.ActiveCfg = Release|Any CPU
		{650B619E-6F3F-5056-25FB-78B00599AB10}.Release|Any CPU.Build.0 = Release|Any CPU
	EndGlobalSection
	GlobalSection(SolutionProperties) = preSolution
		HideSolutionNode = FALSE
	EndGlobalSection
	GlobalSection(MonoDevelopProperties) = preSolution
		StartupItem = Assembly-CSharp.csproj
	EndGlobalSection
EndGlobal
